
Microsoft Visual Studio Solution File, Format Version 12.00
# Visual Studio Version 17
VisualStudioVersion = 17.8.34316.72
MinimumVisualStudioVersion = 10.0.40219.1
Project("{FAE04EC0-301F-11D3-BF4B-00C04F79EFBC}") = "ForStream", "ForStream\ForStream.csproj", "{72CFDC15-54B9-4F4F-A928-59E1E8963D01}"
EndProject
Global
	GlobalSection(SolutionConfigurationPlatforms) = preSolution
		Debug|Any CPU = Debug|Any CPU
		Release|Any CPU = Release|Any CPU
	EndGlobalSection
	GlobalSection(ProjectConfigurationPlatforms) = postSolution
		{72CFDC15-54B9-4F4F-A928-59E1E8963D01}.Debug|Any CPU.ActiveCfg = Debug|Any CPU
		{72CFDC15-54B9-4F4F-A928-59E1E8963D01}.Debug|Any CPU.Build.0 = Debug|Any CPU
		{72CFDC15-54B9-4F4F-A928-59E1E8963D01}.Release|Any CPU.ActiveCfg = Release|Any CPU
		{72CFDC15-54B9-4F4F-A928-59E1E8963D01}.Release|Any CPU.Build.0 = Release|Any CPU
	EndGlobalSection
	GlobalSection(SolutionProperties) = preSolution
		HideSolutionNode = FALSE
	EndGlobalSection
	GlobalSection(ExtensibilityGlobals) = postSolution
		SolutionGuid = {88D616C2-FF5D-4876-B0C5-5D9178F0A0E2}
	EndGlobalSection
EndGlobal
